// !$*UTF8*$!
{
	archiveVersion = 1;
	classes = {
	};
	objectVersion = 46;
	objects = {

/* Begin PBXBuildFile section */
		520918BB1F45C582009E9340 /* MainPageCell.swift in Sources */ = {isa = PBXBuildFile; fileRef = 520918BA1F45C582009E9340 /* MainPageCell.swift */; };
		520C2A011F443D5E00F56BFA /* UIButtonX.swift in Sources */ = {isa = PBXBuildFile; fileRef = 520C29F71F443D5E00F56BFA /* UIButtonX.swift */; };
		520C2A021F443D5E00F56BFA /* UIImageViewX.swift in Sources */ = {isa = PBXBuildFile; fileRef = 520C29F81F443D5E00F56BFA /* UIImageViewX.swift */; };
		520C2A031F443D5E00F56BFA /* UILabelX.swift in Sources */ = {isa = PBXBuildFile; fileRef = 520C29F91F443D5E00F56BFA /* UILabelX.swift */; };
		520C2A041F443D5E00F56BFA /* UISliderX.swift in Sources */ = {isa = PBXBuildFile; fileRef = 520C29FA1F443D5E00F56BFA /* UISliderX.swift */; };
		520C2A051F443D5E00F56BFA /* UITextFieldX.swift in Sources */ = {isa = PBXBuildFile; fileRef = 520C29FB1F443D5E00F56BFA /* UITextFieldX.swift */; };
		520C2A061F443D5E00F56BFA /* UIViewAnchorPoint.swift in Sources */ = {isa = PBXBuildFile; fileRef = 520C29FC1F443D5E00F56BFA /* UIViewAnchorPoint.swift */; };
		520C2A071F443D5E00F56BFA /* UIViewControllerX.swift in Sources */ = {isa = PBXBuildFile; fileRef = 520C29FD1F443D5E00F56BFA /* UIViewControllerX.swift */; };
		520C2A081F443D5E00F56BFA /* UIViewX.swift in Sources */ = {isa = PBXBuildFile; fileRef = 520C29FE1F443D5E00F56BFA /* UIViewX.swift */; };
		520C2A091F443D5E00F56BFA /* UIViewXRadialGradient.swift in Sources */ = {isa = PBXBuildFile; fileRef = 520C29FF1F443D5E00F56BFA /* UIViewXRadialGradient.swift */; };
		520C2A0A1F443D5E00F56BFA /* UIVisualEffectViewX.swift in Sources */ = {isa = PBXBuildFile; fileRef = 520C2A001F443D5E00F56BFA /* UIVisualEffectViewX.swift */; };
		520C2A0C1F443F0200F56BFA /* MaterialView.swift in Sources */ = {isa = PBXBuildFile; fileRef = 520C2A0B1F443F0200F56BFA /* MaterialView.swift */; };
		520C2A0E1F44402200F56BFA /* AddReviewVC.swift in Sources */ = {isa = PBXBuildFile; fileRef = 520C2A0D1F44402200F56BFA /* AddReviewVC.swift */; };
		520C2A101F44408300F56BFA /* ReviewCell.swift in Sources */ = {isa = PBXBuildFile; fileRef = 520C2A0F1F44408300F56BFA /* ReviewCell.swift */; };
		521186FD1F43301100FD1C59 /* OurProductsVC.swift in Sources */ = {isa = PBXBuildFile; fileRef = 521186FC1F43301100FD1C59 /* OurProductsVC.swift */; };
		521187001F43317900FD1C59 /* Helper.swift in Sources */ = {isa = PBXBuildFile; fileRef = 521186FF1F43317900FD1C59 /* Helper.swift */; };
		521187041F434FBB00FD1C59 /* MainPageVC.swift in Sources */ = {isa = PBXBuildFile; fileRef = 521187031F434FBB00FD1C59 /* MainPageVC.swift */; };
		524626CD1F4EC5A300C9D0C4 /* PointsGuideCell.swift in Sources */ = {isa = PBXBuildFile; fileRef = 524626CB1F4EC5A300C9D0C4 /* PointsGuideCell.swift */; };
		524626CE1F4EC5A300C9D0C4 /* PointsGuideCell.xib in Resources */ = {isa = PBXBuildFile; fileRef = 524626CC1F4EC5A300C9D0C4 /* PointsGuideCell.xib */; };
		524626D41F4ECE1800C9D0C4 /* M_MenuData.swift in Sources */ = {isa = PBXBuildFile; fileRef = 524626D31F4ECE1800C9D0C4 /* M_MenuData.swift */; };
		524626E01F4EE97B00C9D0C4 /* MyScrollTest.swift in Sources */ = {isa = PBXBuildFile; fileRef = 524626DF1F4EE97B00C9D0C4 /* MyScrollTest.swift */; };
		524626E21F4EF76000C9D0C4 /* OurMenuVc.swift in Sources */ = {isa = PBXBuildFile; fileRef = 524626E11F4EF76000C9D0C4 /* OurMenuVc.swift */; };
		524626E41F4EF89100C9D0C4 /* OurMenuCell.swift in Sources */ = {isa = PBXBuildFile; fileRef = 524626E31F4EF89100C9D0C4 /* OurMenuCell.swift */; };
		524626E71F4F0CC600C9D0C4 /* RedeemedCodeVC.swift in Sources */ = {isa = PBXBuildFile; fileRef = 524626E51F4F0CC600C9D0C4 /* RedeemedCodeVC.swift */; };
		524626E81F4F0CC600C9D0C4 /* RedeemedCodeVC.xib in Resources */ = {isa = PBXBuildFile; fileRef = 524626E61F4F0CC600C9D0C4 /* RedeemedCodeVC.xib */; };
		524626EC1F4F0FFF00C9D0C4 /* ProfileVC.swift in Sources */ = {isa = PBXBuildFile; fileRef = 524626EA1F4F0FFF00C9D0C4 /* ProfileVC.swift */; };
		524626ED1F4F0FFF00C9D0C4 /* ProfileVC.xib in Resources */ = {isa = PBXBuildFile; fileRef = 524626EB1F4F0FFF00C9D0C4 /* ProfileVC.xib */; };
		5264F7B31F44669E000AD5D6 /* LocationOnMapVC.swift in Sources */ = {isa = PBXBuildFile; fileRef = 5264F7B11F44669E000AD5D6 /* LocationOnMapVC.swift */; };
		5264F7B41F44669E000AD5D6 /* LocationOnMapVC.xib in Resources */ = {isa = PBXBuildFile; fileRef = 5264F7B21F44669E000AD5D6 /* LocationOnMapVC.xib */; };
		5264F7B71F446D73000AD5D6 /* LoginViewC.swift in Sources */ = {isa = PBXBuildFile; fileRef = 5264F7B51F446D73000AD5D6 /* LoginViewC.swift */; };
		5264F7B81F446D73000AD5D6 /* LoginViewC.xib in Resources */ = {isa = PBXBuildFile; fileRef = 5264F7B61F446D73000AD5D6 /* LoginViewC.xib */; };
		5264F7BC1F446E9C000AD5D6 /* RegistrationVC.xib in Resources */ = {isa = PBXBuildFile; fileRef = 5264F7BB1F446E9C000AD5D6 /* RegistrationVC.xib */; };
		5264F7BE1F447AEB000AD5D6 /* ExtensionsClass.swift in Sources */ = {isa = PBXBuildFile; fileRef = 5264F7BD1F447AEB000AD5D6 /* ExtensionsClass.swift */; };
		529397D31F419C4300CB7D79 /* MUserData.swift in Sources */ = {isa = PBXBuildFile; fileRef = 529397D21F419C4300CB7D79 /* MUserData.swift */; };
		529397D51F419C6E00CB7D79 /* Constants.swift in Sources */ = {isa = PBXBuildFile; fileRef = 529397D41F419C6E00CB7D79 /* Constants.swift */; };
		529397D71F41A3AF00CB7D79 /* RegistrationVC.swift in Sources */ = {isa = PBXBuildFile; fileRef = 529397D61F41A3AF00CB7D79 /* RegistrationVC.swift */; };
		52ADE0B11F4C297C00552A61 /* MReviewData.swift in Sources */ = {isa = PBXBuildFile; fileRef = 52ADE0B01F4C297C00552A61 /* MReviewData.swift */; };
		52ADE0B31F4C6BCE00552A61 /* LoadingViewIndicator.swift in Sources */ = {isa = PBXBuildFile; fileRef = 52ADE0B21F4C6BCE00552A61 /* LoadingViewIndicator.swift */; };
		52BC8A9E1F52DDF100E80C7E /* M_User_Points.swift in Sources */ = {isa = PBXBuildFile; fileRef = 52BC8A9D1F52DDF100E80C7E /* M_User_Points.swift */; };
		52C30DAD1F4D7E8A0049D969 /* AllReviewsVC.swift in Sources */ = {isa = PBXBuildFile; fileRef = 52C30DAC1F4D7E8A0049D969 /* AllReviewsVC.swift */; };
		52CD5E581F4DD6BD00590654 /* PointsGuideVC.swift in Sources */ = {isa = PBXBuildFile; fileRef = 52CD5E561F4DD6BD00590654 /* PointsGuideVC.swift */; };
		52CD5E591F4DD6BD00590654 /* PointsGuideVC.xib in Resources */ = {isa = PBXBuildFile; fileRef = 52CD5E571F4DD6BD00590654 /* PointsGuideVC.xib */; };
		52E1F0BA1F4B1F7100AD145A /* TextFieldKeyBoardhandler.swift in Sources */ = {isa = PBXBuildFile; fileRef = 52E1F0B91F4B1F7100AD145A /* TextFieldKeyBoardhandler.swift */; };
		52E4D8031F3C961800D4BF85 /* AppDelegate.swift in Sources */ = {isa = PBXBuildFile; fileRef = 52E4D8021F3C961800D4BF85 /* AppDelegate.swift */; };
		52E4D8081F3C961800D4BF85 /* Main.storyboard in Resources */ = {isa = PBXBuildFile; fileRef = 52E4D8061F3C961800D4BF85 /* Main.storyboard */; };
		52E4D80A1F3C961800D4BF85 /* Assets.xcassets in Resources */ = {isa = PBXBuildFile; fileRef = 52E4D8091F3C961800D4BF85 /* Assets.xcassets */; };
		52E4D80D1F3C961800D4BF85 /* LaunchScreen.storyboard in Resources */ = {isa = PBXBuildFile; fileRef = 52E4D80B1F3C961800D4BF85 /* LaunchScreen.storyboard */; };
		71EE6EA51F49B85900C2FA9A /* MenuNsView.swift in Sources */ = {isa = PBXBuildFile; fileRef = 71EE6EA41F49B85900C2FA9A /* MenuNsView.swift */; };
		71EE6EA71F49C73E00C2FA9A /* AboutUsVC.swift in Sources */ = {isa = PBXBuildFile; fileRef = 71EE6EA61F49C73E00C2FA9A /* AboutUsVC.swift */; };
		71EE6EAA1F49CEE700C2FA9A /* MyWalletCell.swift in Sources */ = {isa = PBXBuildFile; fileRef = 71EE6EA81F49CEE700C2FA9A /* MyWalletCell.swift */; };
		71EE6EAB1F49CEE700C2FA9A /* MyWalletCell.xib in Resources */ = {isa = PBXBuildFile; fileRef = 71EE6EA91F49CEE700C2FA9A /* MyWalletCell.xib */; };
		71EE6EB61F49D1EC00C2FA9A /* MyWalletVC.swift in Sources */ = {isa = PBXBuildFile; fileRef = 71EE6EB41F49D1EC00C2FA9A /* MyWalletVC.swift */; };
		71EE6EB91F49DA4900C2FA9A /* RedeemPointsVC.swift in Sources */ = {isa = PBXBuildFile; fileRef = 71EE6EB81F49DA4900C2FA9A /* RedeemPointsVC.swift */; };
		71EE6EBB1F49DC6B00C2FA9A /* RedeemsPointsCell.swift in Sources */ = {isa = PBXBuildFile; fileRef = 71EE6EBA1F49DC6B00C2FA9A /* RedeemsPointsCell.swift */; };
		71EE6EBD1F49E33A00C2FA9A /* RedeemPointsHeaderVC.swift in Sources */ = {isa = PBXBuildFile; fileRef = 71EE6EBC1F49E33A00C2FA9A /* RedeemPointsHeaderVC.swift */; };
		7CB5DA31ABCF97EBB20B751F /* Pods_Mercato.framework in Frameworks */ = {isa = PBXBuildFile; fileRef = 93A92C4C907E2916ACB3EF22 /* Pods_Mercato.framework */; };
/* End PBXBuildFile section */

/* Begin PBXFileReference section */
		520918BA1F45C582009E9340 /* MainPageCell.swift */ = {isa = PBXFileReference; fileEncoding = 4; lastKnownFileType = sourcecode.swift; path = MainPageCell.swift; sourceTree = "<group>"; };
		520C29F71F443D5E00F56BFA /* UIButtonX.swift */ = {isa = PBXFileReference; fileEncoding = 4; lastKnownFileType = sourcecode.swift; path = UIButtonX.swift; sourceTree = "<group>"; };
		520C29F81F443D5E00F56BFA /* UIImageViewX.swift */ = {isa = PBXFileReference; fileEncoding = 4; lastKnownFileType = sourcecode.swift; path = UIImageViewX.swift; sourceTree = "<group>"; };
		520C29F91F443D5E00F56BFA /* UILabelX.swift */ = {isa = PBXFileReference; fileEncoding = 4; lastKnownFileType = sourcecode.swift; path = UILabelX.swift; sourceTree = "<group>"; };
		520C29FA1F443D5E00F56BFA /* UISliderX.swift */ = {isa = PBXFileReference; fileEncoding = 4; lastKnownFileType = sourcecode.swift; path = UISliderX.swift; sourceTree = "<group>"; };
		520C29FB1F443D5E00F56BFA /* UITextFieldX.swift */ = {isa = PBXFileReference; fileEncoding = 4; lastKnownFileType = sourcecode.swift; path = UITextFieldX.swift; sourceTree = "<group>"; };
		520C29FC1F443D5E00F56BFA /* UIViewAnchorPoint.swift */ = {isa = PBXFileReference; fileEncoding = 4; lastKnownFileType = sourcecode.swift; path = UIViewAnchorPoint.swift; sourceTree = "<group>"; };
		520C29FD1F443D5E00F56BFA /* UIViewControllerX.swift */ = {isa = PBXFileReference; fileEncoding = 4; lastKnownFileType = sourcecode.swift; path = UIViewControllerX.swift; sourceTree = "<group>"; };
		520C29FE1F443D5E00F56BFA /* UIViewX.swift */ = {isa = PBXFileReference; fileEncoding = 4; lastKnownFileType = sourcecode.swift; path = UIViewX.swift; sourceTree = "<group>"; };
		520C29FF1F443D5E00F56BFA /* UIViewXRadialGradient.swift */ = {isa = PBXFileReference; fileEncoding = 4; lastKnownFileType = sourcecode.swift; path = UIViewXRadialGradient.swift; sourceTree = "<group>"; };
		520C2A001F443D5E00F56BFA /* UIVisualEffectViewX.swift */ = {isa = PBXFileReference; fileEncoding = 4; lastKnownFileType = sourcecode.swift; path = UIVisualEffectViewX.swift; sourceTree = "<group>"; };
		520C2A0B1F443F0200F56BFA /* MaterialView.swift */ = {isa = PBXFileReference; fileEncoding = 4; lastKnownFileType = sourcecode.swift; path = MaterialView.swift; sourceTree = "<group>"; };
		520C2A0D1F44402200F56BFA /* AddReviewVC.swift */ = {isa = PBXFileReference; fileEncoding = 4; lastKnownFileType = sourcecode.swift; path = AddReviewVC.swift; sourceTree = "<group>"; };
		520C2A0F1F44408300F56BFA /* ReviewCell.swift */ = {isa = PBXFileReference; fileEncoding = 4; lastKnownFileType = sourcecode.swift; path = ReviewCell.swift; sourceTree = "<group>"; };
		521186FC1F43301100FD1C59 /* OurProductsVC.swift */ = {isa = PBXFileReference; fileEncoding = 4; lastKnownFileType = sourcecode.swift; path = OurProductsVC.swift; sourceTree = "<group>"; };
		521186FF1F43317900FD1C59 /* Helper.swift */ = {isa = PBXFileReference; fileEncoding = 4; lastKnownFileType = sourcecode.swift; path = Helper.swift; sourceTree = "<group>"; };
		521187031F434FBB00FD1C59 /* MainPageVC.swift */ = {isa = PBXFileReference; fileEncoding = 4; lastKnownFileType = sourcecode.swift; path = MainPageVC.swift; sourceTree = "<group>"; };
		524626CB1F4EC5A300C9D0C4 /* PointsGuideCell.swift */ = {isa = PBXFileReference; fileEncoding = 4; lastKnownFileType = sourcecode.swift; path = PointsGuideCell.swift; sourceTree = "<group>"; };
		524626CC1F4EC5A300C9D0C4 /* PointsGuideCell.xib */ = {isa = PBXFileReference; fileEncoding = 4; lastKnownFileType = file.xib; path = PointsGuideCell.xib; sourceTree = "<group>"; };
		524626D31F4ECE1800C9D0C4 /* M_MenuData.swift */ = {isa = PBXFileReference; fileEncoding = 4; lastKnownFileType = sourcecode.swift; path = M_MenuData.swift; sourceTree = "<group>"; };
		524626DF1F4EE97B00C9D0C4 /* MyScrollTest.swift */ = {isa = PBXFileReference; fileEncoding = 4; lastKnownFileType = sourcecode.swift; path = MyScrollTest.swift; sourceTree = "<group>"; };
		524626E11F4EF76000C9D0C4 /* OurMenuVc.swift */ = {isa = PBXFileReference; fileEncoding = 4; lastKnownFileType = sourcecode.swift; path = OurMenuVc.swift; sourceTree = "<group>"; };
		524626E31F4EF89100C9D0C4 /* OurMenuCell.swift */ = {isa = PBXFileReference; fileEncoding = 4; lastKnownFileType = sourcecode.swift; path = OurMenuCell.swift; sourceTree = "<group>"; };
		524626E51F4F0CC600C9D0C4 /* RedeemedCodeVC.swift */ = {isa = PBXFileReference; fileEncoding = 4; lastKnownFileType = sourcecode.swift; path = RedeemedCodeVC.swift; sourceTree = "<group>"; };
		524626E61F4F0CC600C9D0C4 /* RedeemedCodeVC.xib */ = {isa = PBXFileReference; fileEncoding = 4; lastKnownFileType = file.xib; path = RedeemedCodeVC.xib; sourceTree = "<group>"; };
		524626EA1F4F0FFF00C9D0C4 /* ProfileVC.swift */ = {isa = PBXFileReference; fileEncoding = 4; lastKnownFileType = sourcecode.swift; path = ProfileVC.swift; sourceTree = "<group>"; };
		524626EB1F4F0FFF00C9D0C4 /* ProfileVC.xib */ = {isa = PBXFileReference; fileEncoding = 4; lastKnownFileType = file.xib; path = ProfileVC.xib; sourceTree = "<group>"; };
		5264F7B11F44669E000AD5D6 /* LocationOnMapVC.swift */ = {isa = PBXFileReference; fileEncoding = 4; lastKnownFileType = sourcecode.swift; path = LocationOnMapVC.swift; sourceTree = "<group>"; };
		5264F7B21F44669E000AD5D6 /* LocationOnMapVC.xib */ = {isa = PBXFileReference; fileEncoding = 4; lastKnownFileType = file.xib; path = LocationOnMapVC.xib; sourceTree = "<group>"; };
		5264F7B51F446D73000AD5D6 /* LoginViewC.swift */ = {isa = PBXFileReference; fileEncoding = 4; lastKnownFileType = sourcecode.swift; path = LoginViewC.swift; sourceTree = "<group>"; };
		5264F7B61F446D73000AD5D6 /* LoginViewC.xib */ = {isa = PBXFileReference; fileEncoding = 4; lastKnownFileType = file.xib; path = LoginViewC.xib; sourceTree = "<group>"; };
		5264F7BB1F446E9C000AD5D6 /* RegistrationVC.xib */ = {isa = PBXFileReference; fileEncoding = 4; lastKnownFileType = file.xib; path = RegistrationVC.xib; sourceTree = "<group>"; };
		5264F7BD1F447AEB000AD5D6 /* ExtensionsClass.swift */ = {isa = PBXFileReference; fileEncoding = 4; lastKnownFileType = sourcecode.swift; path = ExtensionsClass.swift; sourceTree = "<group>"; };
		529397D21F419C4300CB7D79 /* MUserData.swift */ = {isa = PBXFileReference; fileEncoding = 4; lastKnownFileType = sourcecode.swift; path = MUserData.swift; sourceTree = "<group>"; };
		529397D41F419C6E00CB7D79 /* Constants.swift */ = {isa = PBXFileReference; fileEncoding = 4; lastKnownFileType = sourcecode.swift; path = Constants.swift; sourceTree = "<group>"; };
		529397D61F41A3AF00CB7D79 /* RegistrationVC.swift */ = {isa = PBXFileReference; fileEncoding = 4; lastKnownFileType = sourcecode.swift; path = RegistrationVC.swift; sourceTree = "<group>"; };
		52ADE0B01F4C297C00552A61 /* MReviewData.swift */ = {isa = PBXFileReference; fileEncoding = 4; lastKnownFileType = sourcecode.swift; path = MReviewData.swift; sourceTree = "<group>"; };
		52ADE0B21F4C6BCE00552A61 /* LoadingViewIndicator.swift */ = {isa = PBXFileReference; fileEncoding = 4; lastKnownFileType = sourcecode.swift; path = LoadingViewIndicator.swift; sourceTree = "<group>"; };
		52BC8A9D1F52DDF100E80C7E /* M_User_Points.swift */ = {isa = PBXFileReference; fileEncoding = 4; lastKnownFileType = sourcecode.swift; path = M_User_Points.swift; sourceTree = "<group>"; };
		52C30DAC1F4D7E8A0049D969 /* AllReviewsVC.swift */ = {isa = PBXFileReference; fileEncoding = 4; lastKnownFileType = sourcecode.swift; path = AllReviewsVC.swift; sourceTree = "<group>"; };
		52CD5E561F4DD6BD00590654 /* PointsGuideVC.swift */ = {isa = PBXFileReference; fileEncoding = 4; lastKnownFileType = sourcecode.swift; path = PointsGuideVC.swift; sourceTree = "<group>"; };
		52CD5E571F4DD6BD00590654 /* PointsGuideVC.xib */ = {isa = PBXFileReference; fileEncoding = 4; lastKnownFileType = file.xib; path = PointsGuideVC.xib; sourceTree = "<group>"; };
		52E1F0B91F4B1F7100AD145A /* TextFieldKeyBoardhandler.swift */ = {isa = PBXFileReference; fileEncoding = 4; lastKnownFileType = sourcecode.swift; path = TextFieldKeyBoardhandler.swift; sourceTree = "<group>"; };
		52E4D7FF1F3C961800D4BF85 /* Mercato.app */ = {isa = PBXFileReference; explicitFileType = wrapper.application; includeInIndex = 0; path = Mercato.app; sourceTree = BUILT_PRODUCTS_DIR; };
		52E4D8021F3C961800D4BF85 /* AppDelegate.swift */ = {isa = PBXFileReference; lastKnownFileType = sourcecode.swift; path = AppDelegate.swift; sourceTree = "<group>"; };
		52E4D8071F3C961800D4BF85 /* Base */ = {isa = PBXFileReference; lastKnownFileType = file.storyboard; name = Base; path = Base.lproj/Main.storyboard; sourceTree = "<group>"; };
		52E4D8091F3C961800D4BF85 /* Assets.xcassets */ = {isa = PBXFileReference; lastKnownFileType = folder.assetcatalog; path = Assets.xcassets; sourceTree = "<group>"; };
		52E4D80C1F3C961800D4BF85 /* Base */ = {isa = PBXFileReference; lastKnownFileType = file.storyboard; name = Base; path = Base.lproj/LaunchScreen.storyboard; sourceTree = "<group>"; };
		52E4D80E1F3C961800D4BF85 /* Info.plist */ = {isa = PBXFileReference; lastKnownFileType = text.plist.xml; path = Info.plist; sourceTree = "<group>"; };
		5E65E96C4A9BB79CB38AB189 /* Pods-Mercato.debug.xcconfig */ = {isa = PBXFileReference; includeInIndex = 1; lastKnownFileType = text.xcconfig; name = "Pods-Mercato.debug.xcconfig"; path = "Pods/Target Support Files/Pods-Mercato/Pods-Mercato.debug.xcconfig"; sourceTree = "<group>"; };
		71EE6EA41F49B85900C2FA9A /* MenuNsView.swift */ = {isa = PBXFileReference; fileEncoding = 4; lastKnownFileType = sourcecode.swift; path = MenuNsView.swift; sourceTree = "<group>"; };
		71EE6EA61F49C73E00C2FA9A /* AboutUsVC.swift */ = {isa = PBXFileReference; fileEncoding = 4; lastKnownFileType = sourcecode.swift; path = AboutUsVC.swift; sourceTree = "<group>"; };
		71EE6EA81F49CEE700C2FA9A /* MyWalletCell.swift */ = {isa = PBXFileReference; fileEncoding = 4; lastKnownFileType = sourcecode.swift; path = MyWalletCell.swift; sourceTree = "<group>"; };
		71EE6EA91F49CEE700C2FA9A /* MyWalletCell.xib */ = {isa = PBXFileReference; fileEncoding = 4; lastKnownFileType = file.xib; path = MyWalletCell.xib; sourceTree = "<group>"; };
		71EE6EB41F49D1EC00C2FA9A /* MyWalletVC.swift */ = {isa = PBXFileReference; fileEncoding = 4; lastKnownFileType = sourcecode.swift; path = MyWalletVC.swift; sourceTree = "<group>"; };
		71EE6EB81F49DA4900C2FA9A /* RedeemPointsVC.swift */ = {isa = PBXFileReference; fileEncoding = 4; lastKnownFileType = sourcecode.swift; path = RedeemPointsVC.swift; sourceTree = "<group>"; };
		71EE6EBA1F49DC6B00C2FA9A /* RedeemsPointsCell.swift */ = {isa = PBXFileReference; fileEncoding = 4; lastKnownFileType = sourcecode.swift; path = RedeemsPointsCell.swift; sourceTree = "<group>"; };
		71EE6EBC1F49E33A00C2FA9A /* RedeemPointsHeaderVC.swift */ = {isa = PBXFileReference; fileEncoding = 4; lastKnownFileType = sourcecode.swift; path = RedeemPointsHeaderVC.swift; sourceTree = "<group>"; };
		93A92C4C907E2916ACB3EF22 /* Pods_Mercato.framework */ = {isa = PBXFileReference; explicitFileType = wrapper.framework; includeInIndex = 0; path = Pods_Mercato.framework; sourceTree = BUILT_PRODUCTS_DIR; };
		D74646F6BDD25EB98E7A5467 /* Pods-Mercato.release.xcconfig */ = {isa = PBXFileReference; includeInIndex = 1; lastKnownFileType = text.xcconfig; name = "Pods-Mercato.release.xcconfig"; path = "Pods/Target Support Files/Pods-Mercato/Pods-Mercato.release.xcconfig"; sourceTree = "<group>"; };
/* End PBXFileReference section */

/* Begin PBXFrameworksBuildPhase section */
		52E4D7FC1F3C961800D4BF85 /* Frameworks */ = {
			isa = PBXFrameworksBuildPhase;
			buildActionMask = 2147483647;
			files = (
				7CB5DA31ABCF97EBB20B751F /* Pods_Mercato.framework in Frameworks */,
			);
			runOnlyForDeploymentPostprocessing = 0;
		};
/* End PBXFrameworksBuildPhase section */

/* Begin PBXGroup section */
		42A766C3CE4035AB250CBB37 /* Frameworks */ = {
			isa = PBXGroup;
			children = (
				93A92C4C907E2916ACB3EF22 /* Pods_Mercato.framework */,
			);
			name = Frameworks;
			sourceTree = "<group>";
		};
		520C29F61F443D5E00F56BFA /* DesignableX */ = {
			isa = PBXGroup;
			children = (
				520C29F71F443D5E00F56BFA /* UIButtonX.swift */,
				520C29F81F443D5E00F56BFA /* UIImageViewX.swift */,
				520C29F91F443D5E00F56BFA /* UILabelX.swift */,
				520C29FA1F443D5E00F56BFA /* UISliderX.swift */,
				520C29FB1F443D5E00F56BFA /* UITextFieldX.swift */,
				520C29FC1F443D5E00F56BFA /* UIViewAnchorPoint.swift */,
				520C29FD1F443D5E00F56BFA /* UIViewControllerX.swift */,
				520C29FE1F443D5E00F56BFA /* UIViewX.swift */,
				520C29FF1F443D5E00F56BFA /* UIViewXRadialGradient.swift */,
				520C2A001F443D5E00F56BFA /* UIVisualEffectViewX.swift */,
			);
			path = DesignableX;
			sourceTree = "<group>";
		};
		520C2A111F44424B00F56BFA /* V */ = {
			isa = PBXGroup;
			children = (
				71EE6EBC1F49E33A00C2FA9A /* RedeemPointsHeaderVC.swift */,
				71EE6EA81F49CEE700C2FA9A /* MyWalletCell.swift */,
				71EE6EA91F49CEE700C2FA9A /* MyWalletCell.xib */,
				52C30DAF1F4D895E0049D969 /* User */,
				520C2A0F1F44408300F56BFA /* ReviewCell.swift */,
			);
			name = V;
			sourceTree = "<group>";
		};
		521186FE1F43316B00FD1C59 /* Helper */ = {
			isa = PBXGroup;
			children = (
				52E1F0B91F4B1F7100AD145A /* TextFieldKeyBoardhandler.swift */,
				5264F7BD1F447AEB000AD5D6 /* ExtensionsClass.swift */,
				52E4D8021F3C961800D4BF85 /* AppDelegate.swift */,
				521186FF1F43317900FD1C59 /* Helper.swift */,
				520C2A0B1F443F0200F56BFA /* MaterialView.swift */,
				520918BA1F45C582009E9340 /* MainPageCell.swift */,
				52ADE0B41F4C7E0C00552A61 /* my Views */,
				520C29F61F443D5E00F56BFA /* DesignableX */,
			);
			name = Helper;
			sourceTree = "<group>";
		};
		524626D71F4ED82500C9D0C4 /* Our Menu */ = {
			isa = PBXGroup;
			children = (
				524626E11F4EF76000C9D0C4 /* OurMenuVc.swift */,
				524626E31F4EF89100C9D0C4 /* OurMenuCell.swift */,
			);
			name = "Our Menu";
			sourceTree = "<group>";
		};
		524626DC1F4ED87300C9D0C4 /* Point Guide */ = {
			isa = PBXGroup;
			children = (
				52CD5E561F4DD6BD00590654 /* PointsGuideVC.swift */,
				52CD5E571F4DD6BD00590654 /* PointsGuideVC.xib */,
				524626CB1F4EC5A300C9D0C4 /* PointsGuideCell.swift */,
				524626CC1F4EC5A300C9D0C4 /* PointsGuideCell.xib */,
			);
			name = "Point Guide";
			sourceTree = "<group>";
		};
		524626E91F4F0E8800C9D0C4 /* Points */ = {
			isa = PBXGroup;
			children = (
				524626DC1F4ED87300C9D0C4 /* Point Guide */,
				524626E51F4F0CC600C9D0C4 /* RedeemedCodeVC.swift */,
				524626E61F4F0CC600C9D0C4 /* RedeemedCodeVC.xib */,
			);
			name = Points;
			sourceTree = "<group>";
		};
		529398CF1F41AD2F00CB7D79 /* M */ = {
			isa = PBXGroup;
			children = (
				529397D21F419C4300CB7D79 /* MUserData.swift */,
				52ADE0B01F4C297C00552A61 /* MReviewData.swift */,
				524626D31F4ECE1800C9D0C4 /* M_MenuData.swift */,
				52BC8A9D1F52DDF100E80C7E /* M_User_Points.swift */,
			);
			name = M;
			sourceTree = "<group>";
		};
		529398D01F41AD3800CB7D79 /* C */ = {
			isa = PBXGroup;
			children = (
				524626DF1F4EE97B00C9D0C4 /* MyScrollTest.swift */,
				52C30DAE1F4D80EC0049D969 /* Reviews */,
				71EE6EB41F49D1EC00C2FA9A /* MyWalletVC.swift */,
				524626D71F4ED82500C9D0C4 /* Our Menu */,
				524626E91F4F0E8800C9D0C4 /* Points */,
				521186FC1F43301100FD1C59 /* OurProductsVC.swift */,
				521187031F434FBB00FD1C59 /* MainPageVC.swift */,
				71EE6EB81F49DA4900C2FA9A /* RedeemPointsVC.swift */,
				5264F7B11F44669E000AD5D6 /* LocationOnMapVC.swift */,
				5264F7B21F44669E000AD5D6 /* LocationOnMapVC.xib */,
				52C30DB01F4D8BAC0049D969 /* User */,
				71EE6EA61F49C73E00C2FA9A /* AboutUsVC.swift */,
			);
			name = C;
			sourceTree = "<group>";
		};
		52ADE0B41F4C7E0C00552A61 /* my Views */ = {
			isa = PBXGroup;
			children = (
				52ADE0B21F4C6BCE00552A61 /* LoadingViewIndicator.swift */,
				71EE6EA41F49B85900C2FA9A /* MenuNsView.swift */,
			);
			name = "my Views";
			sourceTree = "<group>";
		};
		52C30DAE1F4D80EC0049D969 /* Reviews */ = {
			isa = PBXGroup;
			children = (
				52C30DAC1F4D7E8A0049D969 /* AllReviewsVC.swift */,
				520C2A0D1F44402200F56BFA /* AddReviewVC.swift */,
			);
			name = Reviews;
			sourceTree = "<group>";
		};
		52C30DAF1F4D895E0049D969 /* User */ = {
			isa = PBXGroup;
			children = (
				5264F7B61F446D73000AD5D6 /* LoginViewC.xib */,
				5264F7BB1F446E9C000AD5D6 /* RegistrationVC.xib */,
			);
			name = User;
			sourceTree = "<group>";
		};
		52C30DB01F4D8BAC0049D969 /* User */ = {
			isa = PBXGroup;
			children = (
				5264F7B51F446D73000AD5D6 /* LoginViewC.swift */,
				529397D61F41A3AF00CB7D79 /* RegistrationVC.swift */,
				524626EA1F4F0FFF00C9D0C4 /* ProfileVC.swift */,
				524626EB1F4F0FFF00C9D0C4 /* ProfileVC.xib */,
			);
			name = User;
			sourceTree = "<group>";
		};
		52E4D7F61F3C961800D4BF85 = {
			isa = PBXGroup;
			children = (
				52E4D8011F3C961800D4BF85 /* Mercato */,
				52E4D8001F3C961800D4BF85 /* Products */,
				7C695C7F5A296F87ED98678A /* Pods */,
				42A766C3CE4035AB250CBB37 /* Frameworks */,
			);
			sourceTree = "<group>";
		};
		52E4D8001F3C961800D4BF85 /* Products */ = {
			isa = PBXGroup;
			children = (
				52E4D7FF1F3C961800D4BF85 /* Mercato.app */,
			);
			name = Products;
			sourceTree = "<group>";
		};
		52E4D8011F3C961800D4BF85 /* Mercato */ = {
			isa = PBXGroup;
			children = (
				529397D41F419C6E00CB7D79 /* Constants.swift */,
				521186FE1F43316B00FD1C59 /* Helper */,
				529398D01F41AD3800CB7D79 /* C */,
				529398CF1F41AD2F00CB7D79 /* M */,
				52E4D8061F3C961800D4BF85 /* Main.storyboard */,
				71EE6EBA1F49DC6B00C2FA9A /* RedeemsPointsCell.swift */,
				520C2A111F44424B00F56BFA /* V */,
				52E4D8091F3C961800D4BF85 /* Assets.xcassets */,
				52E4D80B1F3C961800D4BF85 /* LaunchScreen.storyboard */,
				52E4D80E1F3C961800D4BF85 /* Info.plist */,
			);
			path = Mercato;
			sourceTree = "<group>";
		};
		7C695C7F5A296F87ED98678A /* Pods */ = {
			isa = PBXGroup;
			children = (
				5E65E96C4A9BB79CB38AB189 /* Pods-Mercato.debug.xcconfig */,
				D74646F6BDD25EB98E7A5467 /* Pods-Mercato.release.xcconfig */,
			);
			name = Pods;
			sourceTree = "<group>";
		};
/* End PBXGroup section */

/* Begin PBXNativeTarget section */
		52E4D7FE1F3C961800D4BF85 /* Mercato */ = {
			isa = PBXNativeTarget;
			buildConfigurationList = 52E4D8111F3C961800D4BF85 /* Build configuration list for PBXNativeTarget "Mercato" */;
			buildPhases = (
				DACAAFBFBC86A8F8BD1CDB9A /* [CP] Check Pods Manifest.lock */,
				52E4D7FB1F3C961800D4BF85 /* Sources */,
				52E4D7FC1F3C961800D4BF85 /* Frameworks */,
				52E4D7FD1F3C961800D4BF85 /* Resources */,
				2B934ADB5BE05ACE98530812 /* [CP] Embed Pods Frameworks */,
				8F30A31C8B1F547492542394 /* [CP] Copy Pods Resources */,
			);
			buildRules = (
			);
			dependencies = (
			);
			name = Mercato;
			productName = Mercato;
			productReference = 52E4D7FF1F3C961800D4BF85 /* Mercato.app */;
			productType = "com.apple.product-type.application";
		};
/* End PBXNativeTarget section */

/* Begin PBXProject section */
		52E4D7F71F3C961800D4BF85 /* Project object */ = {
			isa = PBXProject;
			attributes = {
				LastSwiftUpdateCheck = 0830;
				LastUpgradeCheck = 0830;
				ORGANIZATIONNAME = "Macbook Pro";
				TargetAttributes = {
					52E4D7FE1F3C961800D4BF85 = {
						CreatedOnToolsVersion = 8.3.3;
						DevelopmentTeam = ZMU9J2W23C;
						ProvisioningStyle = Automatic;
					};
				};
			};
			buildConfigurationList = 52E4D7FA1F3C961800D4BF85 /* Build configuration list for PBXProject "Mercato" */;
			compatibilityVersion = "Xcode 3.2";
			developmentRegion = English;
			hasScannedForEncodings = 0;
			knownRegions = (
				en,
				Base,
				ar,
			);
			mainGroup = 52E4D7F61F3C961800D4BF85;
			productRefGroup = 52E4D8001F3C961800D4BF85 /* Products */;
			projectDirPath = "";
			projectRoot = "";
			targets = (
				52E4D7FE1F3C961800D4BF85 /* Mercato */,
			);
		};
/* End PBXProject section */

/* Begin PBXResourcesBuildPhase section */
		52E4D7FD1F3C961800D4BF85 /* Resources */ = {
			isa = PBXResourcesBuildPhase;
			buildActionMask = 2147483647;
			files = (
				71EE6EAB1F49CEE700C2FA9A /* MyWalletCell.xib in Resources */,
				52E4D80D1F3C961800D4BF85 /* LaunchScreen.storyboard in Resources */,
				5264F7BC1F446E9C000AD5D6 /* RegistrationVC.xib in Resources */,
				5264F7B41F44669E000AD5D6 /* LocationOnMapVC.xib in Resources */,
				52E4D80A1F3C961800D4BF85 /* Assets.xcassets in Resources */,
				52E4D8081F3C961800D4BF85 /* Main.storyboard in Resources */,
				52CD5E591F4DD6BD00590654 /* PointsGuideVC.xib in Resources */,
				5264F7B81F446D73000AD5D6 /* LoginViewC.xib in Resources */,
				524626E81F4F0CC600C9D0C4 /* RedeemedCodeVC.xib in Resources */,
				524626CE1F4EC5A300C9D0C4 /* PointsGuideCell.xib in Resources */,
				524626ED1F4F0FFF00C9D0C4 /* ProfileVC.xib in Resources */,
			);
			runOnlyForDeploymentPostprocessing = 0;
		};
/* End PBXResourcesBuildPhase section */

/* Begin PBXShellScriptBuildPhase section */
		2B934ADB5BE05ACE98530812 /* [CP] Embed Pods Frameworks */ = {
			isa = PBXShellScriptBuildPhase;
			buildActionMask = 2147483647;
			files = (
			);
			inputPaths = (
			);
			name = "[CP] Embed Pods Frameworks";
			outputPaths = (
			);
			runOnlyForDeploymentPostprocessing = 0;
			shellPath = /bin/sh;
			shellScript = "\"${SRCROOT}/Pods/Target Support Files/Pods-Mercato/Pods-Mercato-frameworks.sh\"\n";
			showEnvVarsInLog = 0;
		};
		8F30A31C8B1F547492542394 /* [CP] Copy Pods Resources */ = {
			isa = PBXShellScriptBuildPhase;
			buildActionMask = 2147483647;
			files = (
			);
			inputPaths = (
			);
			name = "[CP] Copy Pods Resources";
			outputPaths = (
			);
			runOnlyForDeploymentPostprocessing = 0;
			shellPath = /bin/sh;
			shellScript = "\"${SRCROOT}/Pods/Target Support Files/Pods-Mercato/Pods-Mercato-resources.sh\"\n";
			showEnvVarsInLog = 0;
		};
		DACAAFBFBC86A8F8BD1CDB9A /* [CP] Check Pods Manifest.lock */ = {
			isa = PBXShellScriptBuildPhase;
			buildActionMask = 2147483647;
			files = (
			);
			inputPaths = (
			);
			name = "[CP] Check Pods Manifest.lock";
			outputPaths = (
			);
			runOnlyForDeploymentPostprocessing = 0;
			shellPath = /bin/sh;
			shellScript = "diff \"${PODS_ROOT}/../Podfile.lock\" \"${PODS_ROOT}/Manifest.lock\" > /dev/null\nif [ $? != 0 ] ; then\n    # print error to STDERR\n    echo \"error: The sandbox is not in sync with the Podfile.lock. Run 'pod install' or update your CocoaPods installation.\" >&2\n    exit 1\nfi\n";
			showEnvVarsInLog = 0;
		};
/* End PBXShellScriptBuildPhase section */

/* Begin PBXSourcesBuildPhase section */
		52E4D7FB1F3C961800D4BF85 /* Sources */ = {
			isa = PBXSourcesBuildPhase;
			buildActionMask = 2147483647;
			files = (
				71EE6EAA1F49CEE700C2FA9A /* MyWalletCell.swift in Sources */,
				524626CD1F4EC5A300C9D0C4 /* PointsGuideCell.swift in Sources */,
				520C2A061F443D5E00F56BFA /* UIViewAnchorPoint.swift in Sources */,
				524626D41F4ECE1800C9D0C4 /* M_MenuData.swift in Sources */,
				524626E21F4EF76000C9D0C4 /* OurMenuVc.swift in Sources */,
				521186FD1F43301100FD1C59 /* OurProductsVC.swift in Sources */,
				524626E71F4F0CC600C9D0C4 /* RedeemedCodeVC.swift in Sources */,
				529397D31F419C4300CB7D79 /* MUserData.swift in Sources */,
				52C30DAD1F4D7E8A0049D969 /* AllReviewsVC.swift in Sources */,
				5264F7B31F44669E000AD5D6 /* LocationOnMapVC.swift in Sources */,
				520C2A031F443D5E00F56BFA /* UILabelX.swift in Sources */,
				71EE6EBD1F49E33A00C2FA9A /* RedeemPointsHeaderVC.swift in Sources */,
				524626E41F4EF89100C9D0C4 /* OurMenuCell.swift in Sources */,
				520C2A051F443D5E00F56BFA /* UITextFieldX.swift in Sources */,
				71EE6EBB1F49DC6B00C2FA9A /* RedeemsPointsCell.swift in Sources */,
				5264F7B71F446D73000AD5D6 /* LoginViewC.swift in Sources */,
				520C2A0C1F443F0200F56BFA /* MaterialView.swift in Sources */,
				71EE6EB61F49D1EC00C2FA9A /* MyWalletVC.swift in Sources */,
				520C2A0A1F443D5E00F56BFA /* UIVisualEffectViewX.swift in Sources */,
				52CD5E581F4DD6BD00590654 /* PointsGuideVC.swift in Sources */,
				520C2A071F443D5E00F56BFA /* UIViewControllerX.swift in Sources */,
				71EE6EB91F49DA4900C2FA9A /* RedeemPointsVC.swift in Sources */,
				520C2A091F443D5E00F56BFA /* UIViewXRadialGradient.swift in Sources */,
				52E4D8031F3C961800D4BF85 /* AppDelegate.swift in Sources */,
				52E1F0BA1F4B1F7100AD145A /* TextFieldKeyBoardhandler.swift in Sources */,
				529397D71F41A3AF00CB7D79 /* RegistrationVC.swift in Sources */,
				52ADE0B11F4C297C00552A61 /* MReviewData.swift in Sources */,
				520C2A041F443D5E00F56BFA /* UISliderX.swift in Sources */,
				520C2A081F443D5E00F56BFA /* UIViewX.swift in Sources */,
				520C2A011F443D5E00F56BFA /* UIButtonX.swift in Sources */,
				52ADE0B31F4C6BCE00552A61 /* LoadingViewIndicator.swift in Sources */,
				520C2A0E1F44402200F56BFA /* AddReviewVC.swift in Sources */,
				521187041F434FBB00FD1C59 /* MainPageVC.swift in Sources */,
				52BC8A9E1F52DDF100E80C7E /* M_User_Points.swift in Sources */,
				529397D51F419C6E00CB7D79 /* Constants.swift in Sources */,
				521187001F43317900FD1C59 /* Helper.swift in Sources */,
				520918BB1F45C582009E9340 /* MainPageCell.swift in Sources */,
				71EE6EA71F49C73E00C2FA9A /* AboutUsVC.swift in Sources */,
				524626EC1F4F0FFF00C9D0C4 /* ProfileVC.swift in Sources */,
				520C2A021F443D5E00F56BFA /* UIImageViewX.swift in Sources */,
				5264F7BE1F447AEB000AD5D6 /* ExtensionsClass.swift in Sources */,
				71EE6EA51F49B85900C2FA9A /* MenuNsView.swift in Sources */,
				520C2A101F44408300F56BFA /* ReviewCell.swift in Sources */,
				524626E01F4EE97B00C9D0C4 /* MyScrollTest.swift in Sources */,
			);
			runOnlyForDeploymentPostprocessing = 0;
		};
/* End PBXSourcesBuildPhase section */

/* Begin PBXVariantGroup section */
		52E4D8061F3C961800D4BF85 /* Main.storyboard */ = {
			isa = PBXVariantGroup;
			children = (
				52E4D8071F3C961800D4BF85 /* Base */,
			);
			name = Main.storyboard;
			sourceTree = "<group>";
		};
		52E4D80B1F3C961800D4BF85 /* LaunchScreen.storyboard */ = {
			isa = PBXVariantGroup;
			children = (
				52E4D80C1F3C961800D4BF85 /* Base */,
			);
			name = LaunchScreen.storyboard;
			sourceTree = "<group>";
		};
/* End PBXVariantGroup section */

/* Begin XCBuildConfiguration section */
		52E4D80F1F3C961800D4BF85 /* Debug */ = {
			isa = XCBuildConfiguration;
			buildSettings = {
				ALWAYS_SEARCH_USER_PATHS = NO;
				CLANG_ANALYZER_NONNULL = YES;
				CLANG_ANALYZER_NUMBER_OBJECT_CONVERSION = YES_AGGRESSIVE;
				CLANG_CXX_LANGUAGE_STANDARD = "gnu++0x";
				CLANG_CXX_LIBRARY = "libc++";
				CLANG_ENABLE_MODULES = YES;
				CLANG_ENABLE_OBJC_ARC = YES;
				CLANG_WARN_BOOL_CONVERSION = YES;
				CLANG_WARN_CONSTANT_CONVERSION = YES;
				CLANG_WARN_DIRECT_OBJC_ISA_USAGE = YES_ERROR;
				CLANG_WARN_DOCUMENTATION_COMMENTS = YES;
				CLANG_WARN_EMPTY_BODY = YES;
				CLANG_WARN_ENUM_CONVERSION = YES;
				CLANG_WARN_INFINITE_RECURSION = YES;
				CLANG_WARN_INT_CONVERSION = YES;
				CLANG_WARN_OBJC_ROOT_CLASS = YES_ERROR;
				CLANG_WARN_SUSPICIOUS_MOVE = YES;
				CLANG_WARN_UNREACHABLE_CODE = YES;
				CLANG_WARN__DUPLICATE_METHOD_MATCH = YES;
				"CODE_SIGN_IDENTITY[sdk=iphoneos*]" = "iPhone Developer";
				COPY_PHASE_STRIP = NO;
				DEBUG_INFORMATION_FORMAT = dwarf;
				ENABLE_STRICT_OBJC_MSGSEND = YES;
				ENABLE_TESTABILITY = YES;
				GCC_C_LANGUAGE_STANDARD = gnu99;
				GCC_DYNAMIC_NO_PIC = NO;
				GCC_NO_COMMON_BLOCKS = YES;
				GCC_OPTIMIZATION_LEVEL = 0;
				GCC_PREPROCESSOR_DEFINITIONS = (
					"DEBUG=1",
					"$(inherited)",
				);
				GCC_WARN_64_TO_32_BIT_CONVERSION = YES;
				GCC_WARN_ABOUT_RETURN_TYPE = YES_ERROR;
				GCC_WARN_UNDECLARED_SELECTOR = YES;
				GCC_WARN_UNINITIALIZED_AUTOS = YES_AGGRESSIVE;
				GCC_WARN_UNUSED_FUNCTION = YES;
				GCC_WARN_UNUSED_VARIABLE = YES;
				IPHONEOS_DEPLOYMENT_TARGET = 10.3;
				MTL_ENABLE_DEBUG_INFO = YES;
				ONLY_ACTIVE_ARCH = YES;
				SDKROOT = iphoneos;
				SWIFT_ACTIVE_COMPILATION_CONDITIONS = DEBUG;
				SWIFT_OPTIMIZATION_LEVEL = "-Onone";
				TARGETED_DEVICE_FAMILY = "1,2";
			};
			name = Debug;
		};
		52E4D8101F3C961800D4BF85 /* Release */ = {
			isa = XCBuildConfiguration;
			buildSettings = {
				ALWAYS_SEARCH_USER_PATHS = NO;
				CLANG_ANALYZER_NONNULL = YES;
				CLANG_ANALYZER_NUMBER_OBJECT_CONVERSION = YES_AGGRESSIVE;
				CLANG_CXX_LANGUAGE_STANDARD = "gnu++0x";
				CLANG_CXX_LIBRARY = "libc++";
				CLANG_ENABLE_MODULES = YES;
				CLANG_ENABLE_OBJC_ARC = YES;
				CLANG_WARN_BOOL_CONVERSION = YES;
				CLANG_WARN_CONSTANT_CONVERSION = YES;
				CLANG_WARN_DIRECT_OBJC_ISA_USAGE = YES_ERROR;
				CLANG_WARN_DOCUMENTATION_COMMENTS = YES;
				CLANG_WARN_EMPTY_BODY = YES;
				CLANG_WARN_ENUM_CONVERSION = YES;
				CLANG_WARN_INFINITE_RECURSION = YES;
				CLANG_WARN_INT_CONVERSION = YES;
				CLANG_WARN_OBJC_ROOT_CLASS = YES_ERROR;
				CLANG_WARN_SUSPICIOUS_MOVE = YES;
				CLANG_WARN_UNREACHABLE_CODE = YES;
				CLANG_WARN__DUPLICATE_METHOD_MATCH = YES;
				"CODE_SIGN_IDENTITY[sdk=iphoneos*]" = "iPhone Developer";
				COPY_PHASE_STRIP = NO;
				DEBUG_INFORMATION_FORMAT = "dwarf-with-dsym";
				ENABLE_NS_ASSERTIONS = NO;
				ENABLE_STRICT_OBJC_MSGSEND = YES;
				GCC_C_LANGUAGE_STANDARD = gnu99;
				GCC_NO_COMMON_BLOCKS = YES;
				GCC_WARN_64_TO_32_BIT_CONVERSION = YES;
				GCC_WARN_ABOUT_RETURN_TYPE = YES_ERROR;
				GCC_WARN_UNDECLARED_SELECTOR = YES;
				GCC_WARN_UNINITIALIZED_AUTOS = YES_AGGRESSIVE;
				GCC_WARN_UNUSED_FUNCTION = YES;
				GCC_WARN_UNUSED_VARIABLE = YES;
				IPHONEOS_DEPLOYMENT_TARGET = 10.3;
				MTL_ENABLE_DEBUG_INFO = NO;
				SDKROOT = iphoneos;
				SWIFT_OPTIMIZATION_LEVEL = "-Owholemodule";
				TARGETED_DEVICE_FAMILY = "1,2";
				VALIDATE_PRODUCT = YES;
			};
			name = Release;
		};
		52E4D8121F3C961800D4BF85 /* Debug */ = {
			isa = XCBuildConfiguration;
			baseConfigurationReference = 5E65E96C4A9BB79CB38AB189 /* Pods-Mercato.debug.xcconfig */;
			buildSettings = {
				ASSETCATALOG_COMPILER_APPICON_NAME = AppIcon;
				DEVELOPMENT_TEAM = ZMU9J2W23C;
				INFOPLIST_FILE = Mercato/Info.plist;
				LD_RUNPATH_SEARCH_PATHS = "$(inherited) @executable_path/Frameworks";
				PRODUCT_BUNDLE_IDENTIFIER = com.killva.Mercato;
				PRODUCT_NAME = "$(TARGET_NAME)";
				SWIFT_VERSION = 3.0;
				TARGETED_DEVICE_FAMILY = 1;
			};
			name = Debug;
		};
		52E4D8131F3C961800D4BF85 /* Release */ = {
			isa = XCBuildConfiguration;
			baseConfigurationReference = D74646F6BDD25EB98E7A5467 /* Pods-Mercato.release.xcconfig */;
			buildSettings = {
				ASSETCATALOG_COMPILER_APPICON_NAME = AppIcon;
				DEVELOPMENT_TEAM = ZMU9J2W23C;
				INFOPLIST_FILE = Mercato/Info.plist;
				LD_RUNPATH_SEARCH_PATHS = "$(inherited) @executable_path/Frameworks";
				PRODUCT_BUNDLE_IDENTIFIER = com.killva.Mercato;
				PRODUCT_NAME = "$(TARGET_NAME)";
				SWIFT_VERSION = 3.0;
				TARGETED_DEVICE_FAMILY = 1;
			};
			name = Release;
		};
/* End XCBuildConfiguration section */

/* Begin XCConfigurationList section */
		52E4D7FA1F3C961800D4BF85 /* Build configuration list for PBXProject "Mercato" */ = {
			isa = XCConfigurationList;
			buildConfigurations = (
				52E4D80F1F3C961800D4BF85 /* Debug */,
				52E4D8101F3C961800D4BF85 /* Release */,
			);
			defaultConfigurationIsVisible = 0;
			defaultConfigurationName = Release;
		};
		52E4D8111F3C961800D4BF85 /* Build configuration list for PBXNativeTarget "Mercato" */ = {
			isa = XCConfigurationList;
			buildConfigurations = (
				52E4D8121F3C961800D4BF85 /* Debug */,
				52E4D8131F3C961800D4BF85 /* Release */,
			);
			defaultConfigurationIsVisible = 0;
			defaultConfigurationName = Release;
		};
/* End XCConfigurationList section */
	};
	rootObject = 52E4D7F71F3C961800D4BF85 /* Project object */;
}
